
Microsoft Visual Studio Solution File, Format Version 12.00
# Visual Studio Version 16
VisualStudioVersion = 16.0.29001.49
MinimumVisualStudioVersion = 10.0.40219.1
Project("{2150E333-8FDC-42A3-9474-1A3956D46DE8}") = "CleanArch.Application", "CleanArch.Application", "{01F2AE6D-3DAC-4A49-955A-F26165219FB2}"
EndProject
Project("{2150E333-8FDC-42A3-9474-1A3956D46DE8}") = "CleanArch.Domain", "CleanArch.Domain", "{0495F5B2-E7B3-4136-AC07-9846DC0AB4EF}"
EndProject
Project("{2150E333-8FDC-42A3-9474-1A3956D46DE8}") = "CleanArch.Infra.Data", "CleanArch.Infra.Data", "{1615FD71-6408-4512-A528-705E56E021E3}"
EndProject
Project("{2150E333-8FDC-42A3-9474-1A3956D46DE8}") = "CleanArch.Infra.Ioc", "CleanArch.Infra.Ioc", "{1DBB38FC-ADE5-4817-AF76-7FE9562B6D8B}"
EndProject
Project("{2150E333-8FDC-42A3-9474-1A3956D46DE8}") = "CleanArch.UI.Mvc", "CleanArch.UI.Mvc", "{7FAF9716-727E-4659-A81D-07D0FF93A7E3}"
EndProject
Project("{FAE04EC0-301F-11D3-BF4B-00C04F79EFBC}") = "CleanArch.Mvc", "CleanArch.Mvc\CleanArch.Mvc.csproj", "{06E91232-FA61-499C-B61E-56E6726FABCD}"
EndProject
Global
	GlobalSection(SolutionConfigurationPlatforms) = preSolution
		Debug|Any CPU = Debug|Any CPU
		Release|Any CPU = Release|Any CPU
	EndGlobalSection
	GlobalSection(ProjectConfigurationPlatforms) = postSolution
		{06E91232-FA61-499C-B61E-56E6726FABCD}.Debug|Any CPU.ActiveCfg = Debug|Any CPU
		{06E91232-FA61-499C-B61E-56E6726FABCD}.Debug|Any CPU.Build.0 = Debug|Any CPU
		{06E91232-FA61-499C-B61E-56E6726FABCD}.Release|Any CPU.ActiveCfg = Release|Any CPU
		{06E91232-FA61-499C-B61E-56E6726FABCD}.Release|Any CPU.Build.0 = Release|Any CPU
	EndGlobalSection
	GlobalSection(SolutionProperties) = preSolution
		HideSolutionNode = FALSE
	EndGlobalSection
	GlobalSection(NestedProjects) = preSolution
		{06E91232-FA61-499C-B61E-56E6726FABCD} = {7FAF9716-727E-4659-A81D-07D0FF93A7E3}
	EndGlobalSection
	GlobalSection(ExtensibilityGlobals) = postSolution
		SolutionGuid = {F4E4CEE3-3311-456E-A731-D8E25A9C1B7F}
	EndGlobalSection
EndGlobal
